
Microsoft Visual Studio Solution File, Format Version 12.00
# Visual Studio Version 17
VisualStudioVersion = 17.11.35303.130
MinimumVisualStudioVersion = 10.0.40219.1
Project("{FAE04EC0-301F-11D3-BF4B-00C04F79EFBC}") = "Ap", "Ap\Ap.csproj", "{EAA857CB-2568-43BD-B9DB-62492BD13105}"
EndProject
Global
	GlobalSection(SolutionConfigurationPlatforms) = preSolution
		Debug|Any CPU = Debug|Any CPU
		Release|Any CPU = Release|Any CPU
	EndGlobalSection
	GlobalSection(ProjectConfigurationPlatforms) = postSolution
		{EAA857CB-2568-43BD-B9DB-62492BD13105}.Debug|Any CPU.ActiveCfg = Debug|Any CPU
		{EAA857CB-2568-43BD-B9DB-62492BD13105}.Debug|Any CPU.Build.0 = Debug|Any CPU
		{EAA857CB-2568-43BD-B9DB-62492BD13105}.Release|Any CPU.ActiveCfg = Release|Any CPU
		{EAA857CB-2568-43BD-B9DB-62492BD13105}.Release|Any CPU.Build.0 = Release|Any CPU
	EndGlobalSection
	GlobalSection(SolutionProperties) = preSolution
		HideSolutionNode = FALSE
	EndGlobalSection
	GlobalSection(ExtensibilityGlobals) = postSolution
		SolutionGuid = {9DE732F3-C4E8-4C58-9B7F-266B00062F6F}
	EndGlobalSection
EndGlobal
